
Microsoft Visual Studio Solution File, Format Version 12.00
# Visual Studio 15
VisualStudioVersion = 15.0.27004.2008
MinimumVisualStudioVersion = 10.0.40219.1
Project("{FAE04EC0-301F-11D3-BF4B-00C04F79EFBC}") = "TravixTestApi", "TravixTestApi\TravixTestApi.csproj", "{9ACED4E2-128B-4FC1-A767-E38A422A0306}"
EndProject
Project("{FAE04EC0-301F-11D3-BF4B-00C04F79EFBC}") = "DAL", "DAL\DAL.csproj", "{D7696D27-2308-48A1-B231-EAA2C054BD86}"
EndProject
Project("{FAE04EC0-301F-11D3-BF4B-00C04F79EFBC}") = "Core", "Infrastructure\Core.csproj", "{FE55C72F-4FE9-4D39-9AC8-D14BD8D9AA55}"
EndProject
Project("{FAE04EC0-301F-11D3-BF4B-00C04F79EFBC}") = "Core.Tests", "Infrastructure.Tests\Core.Tests.csproj", "{4B9E2A71-C610-434F-9B5E-D917A7989FC9}"
EndProject
Global
	GlobalSection(SolutionConfigurationPlatforms) = preSolution
		Debug|Any CPU = Debug|Any CPU
		Release|Any CPU = Release|Any CPU
	EndGlobalSection
	GlobalSection(ProjectConfigurationPlatforms) = postSolution
		{9ACED4E2-128B-4FC1-A767-E38A422A0306}.Debug|Any CPU.ActiveCfg = Debug|Any CPU
		{9ACED4E2-128B-4FC1-A767-E38A422A0306}.Debug|Any CPU.Build.0 = Debug|Any CPU
		{9ACED4E2-128B-4FC1-A767-E38A422A0306}.Release|Any CPU.ActiveCfg = Release|Any CPU
		{9ACED4E2-128B-4FC1-A767-E38A422A0306}.Release|Any CPU.Build.0 = Release|Any CPU
		{D7696D27-2308-48A1-B231-EAA2C054BD86}.Debug|Any CPU.ActiveCfg = Debug|Any CPU
		{D7696D27-2308-48A1-B231-EAA2C054BD86}.Debug|Any CPU.Build.0 = Debug|Any CPU
		{D7696D27-2308-48A1-B231-EAA2C054BD86}.Release|Any CPU.ActiveCfg = Release|Any CPU
		{D7696D27-2308-48A1-B231-EAA2C054BD86}.Release|Any CPU.Build.0 = Release|Any CPU
		{FE55C72F-4FE9-4D39-9AC8-D14BD8D9AA55}.Debug|Any CPU.ActiveCfg = Debug|Any CPU
		{FE55C72F-4FE9-4D39-9AC8-D14BD8D9AA55}.Debug|Any CPU.Build.0 = Debug|Any CPU
		{FE55C72F-4FE9-4D39-9AC8-D14BD8D9AA55}.Release|Any CPU.ActiveCfg = Release|Any CPU
		{FE55C72F-4FE9-4D39-9AC8-D14BD8D9AA55}.Release|Any CPU.Build.0 = Release|Any CPU
		{4B9E2A71-C610-434F-9B5E-D917A7989FC9}.Debug|Any CPU.ActiveCfg = Debug|Any CPU
		{4B9E2A71-C610-434F-9B5E-D917A7989FC9}.Debug|Any CPU.Build.0 = Debug|Any CPU
		{4B9E2A71-C610-434F-9B5E-D917A7989FC9}.Release|Any CPU.ActiveCfg = Release|Any CPU
		{4B9E2A71-C610-434F-9B5E-D917A7989FC9}.Release|Any CPU.Build.0 = Release|Any CPU
	EndGlobalSection
	GlobalSection(SolutionProperties) = preSolution
		HideSolutionNode = FALSE
	EndGlobalSection
	GlobalSection(ExtensibilityGlobals) = postSolution
		SolutionGuid = {8D57542B-97B5-43B1-B399-5552E6045E05}
	EndGlobalSection
EndGlobal
